
Microsoft Visual Studio Solution File, Format Version 12.00
# Visual Studio 15
VisualStudioVersion = 15.0.27703.2026
MinimumVisualStudioVersion = 10.0.40219.1
Project("{FAE04EC0-301F-11D3-BF4B-00C04F79EFBC}") = "RetailDistribution.Web", "RetailDistribution.Web\RetailDistribution.Web.csproj", "{15B1108E-7AC8-4E33-9DD8-3F72431C3E06}"
EndProject
Project("{FAE04EC0-301F-11D3-BF4B-00C04F79EFBC}") = "RetailDistribution.Data", "RetailDistribution.Data\RetailDistribution.Data.csproj", "{329213B7-09D4-4CF0-902B-FE462E062754}"
EndProject
Project("{FAE04EC0-301F-11D3-BF4B-00C04F79EFBC}") = "RetailDistribution.Console", "RetailDistribution.Console\RetailDistribution.Console.csproj", "{A8190772-81CF-4238-8110-87F0C6F5D019}"
EndProject
Project("{FAE04EC0-301F-11D3-BF4B-00C04F79EFBC}") = "RetailDistribution.Client.UI", "RetailDistributionClient.UI\RetailDistribution.Client.UI.csproj", "{889C17E4-79EB-4510-BCBF-9D5E010C1444}"
EndProject
Project("{FAE04EC0-301F-11D3-BF4B-00C04F79EFBC}") = "RetailDistribution.Client.UI.Test", "RetailDistribution.Client.UI.Test\RetailDistribution.Client.UI.Test.csproj", "{8DA5D869-16AB-459C-B3C1-B63F29F01736}"
EndProject
Project("{FAE04EC0-301F-11D3-BF4B-00C04F79EFBC}") = "RetailDistribution.Web.Test", "RetailDistribution.Web.Test\RetailDistribution.Web.Test.csproj", "{8831A507-108D-4104-AAC3-EAF53F415C55}"
EndProject
Global
	GlobalSection(SolutionConfigurationPlatforms) = preSolution
		Debug|Any CPU = Debug|Any CPU
		Release|Any CPU = Release|Any CPU
	EndGlobalSection
	GlobalSection(ProjectConfigurationPlatforms) = postSolution
		{15B1108E-7AC8-4E33-9DD8-3F72431C3E06}.Debug|Any CPU.ActiveCfg = Debug|Any CPU
		{15B1108E-7AC8-4E33-9DD8-3F72431C3E06}.Debug|Any CPU.Build.0 = Debug|Any CPU
		{15B1108E-7AC8-4E33-9DD8-3F72431C3E06}.Release|Any CPU.ActiveCfg = Release|Any CPU
		{15B1108E-7AC8-4E33-9DD8-3F72431C3E06}.Release|Any CPU.Build.0 = Release|Any CPU
		{329213B7-09D4-4CF0-902B-FE462E062754}.Debug|Any CPU.ActiveCfg = Debug|Any CPU
		{329213B7-09D4-4CF0-902B-FE462E062754}.Debug|Any CPU.Build.0 = Debug|Any CPU
		{329213B7-09D4-4CF0-902B-FE462E062754}.Release|Any CPU.ActiveCfg = Release|Any CPU
		{329213B7-09D4-4CF0-902B-FE462E062754}.Release|Any CPU.Build.0 = Release|Any CPU
		{A8190772-81CF-4238-8110-87F0C6F5D019}.Debug|Any CPU.ActiveCfg = Debug|Any CPU
		{A8190772-81CF-4238-8110-87F0C6F5D019}.Debug|Any CPU.Build.0 = Debug|Any CPU
		{A8190772-81CF-4238-8110-87F0C6F5D019}.Release|Any CPU.ActiveCfg = Release|Any CPU
		{A8190772-81CF-4238-8110-87F0C6F5D019}.Release|Any CPU.Build.0 = Release|Any CPU
		{889C17E4-79EB-4510-BCBF-9D5E010C1444}.Debug|Any CPU.ActiveCfg = Debug|Any CPU
		{889C17E4-79EB-4510-BCBF-9D5E010C1444}.Debug|Any CPU.Build.0 = Debug|Any CPU
		{889C17E4-79EB-4510-BCBF-9D5E010C1444}.Release|Any CPU.ActiveCfg = Release|Any CPU
		{889C17E4-79EB-4510-BCBF-9D5E010C1444}.Release|Any CPU.Build.0 = Release|Any CPU
		{8DA5D869-16AB-459C-B3C1-B63F29F01736}.Debug|Any CPU.ActiveCfg = Debug|Any CPU
		{8DA5D869-16AB-459C-B3C1-B63F29F01736}.Debug|Any CPU.Build.0 = Debug|Any CPU
		{8DA5D869-16AB-459C-B3C1-B63F29F01736}.Release|Any CPU.ActiveCfg = Release|Any CPU
		{8DA5D869-16AB-459C-B3C1-B63F29F01736}.Release|Any CPU.Build.0 = Release|Any CPU
		{8831A507-108D-4104-AAC3-EAF53F415C55}.Debug|Any CPU.ActiveCfg = Debug|Any CPU
		{8831A507-108D-4104-AAC3-EAF53F415C55}.Debug|Any CPU.Build.0 = Debug|Any CPU
		{8831A507-108D-4104-AAC3-EAF53F415C55}.Release|Any CPU.ActiveCfg = Release|Any CPU
		{8831A507-108D-4104-AAC3-EAF53F415C55}.Release|Any CPU.Build.0 = Release|Any CPU
	EndGlobalSection
	GlobalSection(SolutionProperties) = preSolution
		HideSolutionNode = FALSE
	EndGlobalSection
	GlobalSection(ExtensibilityGlobals) = postSolution
		SolutionGuid = {0CABA1EA-2FD4-4BC8-B7F2-5F0F6913E4F6}
	EndGlobalSection
EndGlobal
